
Microsoft Visual Studio Solution File, Format Version 12.00
# Visual Studio Version 16
VisualStudioVersion = 16.0.30717.126
MinimumVisualStudioVersion = 10.0.40219.1
Project("{FAE04EC0-301F-11D3-BF4B-00C04F79EFBC}") = "12_RgbScrollBar", "12_RgbScrollBar.csproj", "{6558DC41-1348-4960-8895-F2C17E76F3AD}"
EndProject
Global
	GlobalSection(SolutionConfigurationPlatforms) = preSolution
		Debug|Any CPU = Debug|Any CPU
		Release|Any CPU = Release|Any CPU
	EndGlobalSection
	GlobalSection(ProjectConfigurationPlatforms) = postSolution
		{6558DC41-1348-4960-8895-F2C17E76F3AD}.Debug|Any CPU.ActiveCfg = Debug|Any CPU
		{6558DC41-1348-4960-8895-F2C17E76F3AD}.Debug|Any CPU.Build.0 = Debug|Any CPU
		{6558DC41-1348-4960-8895-F2C17E76F3AD}.Release|Any CPU.ActiveCfg = Release|Any CPU
		{6558DC41-1348-4960-8895-F2C17E76F3AD}.Release|Any CPU.Build.0 = Release|Any CPU
	EndGlobalSection
	GlobalSection(SolutionProperties) = preSolution
		HideSolutionNode = FALSE
	EndGlobalSection
	GlobalSection(ExtensibilityGlobals) = postSolution
		SolutionGuid = {BFCE2587-4446-48C2-A72F-D0288D9DEF42}
	EndGlobalSection
EndGlobal
