
Microsoft Visual Studio Solution File, Format Version 12.00
# Visual Studio Version 16
VisualStudioVersion = 16.0.30717.126
MinimumVisualStudioVersion = 10.0.40219.1
Project("{FAE04EC0-301F-11D3-BF4B-00C04F79EFBC}") = "16_GradeCalc", "16_GradeCalc.csproj", "{B72DD6B0-567D-423C-8709-F4CECFBBC65E}"
EndProject
Global
	GlobalSection(SolutionConfigurationPlatforms) = preSolution
		Debug|Any CPU = Debug|Any CPU
		Release|Any CPU = Release|Any CPU
	EndGlobalSection
	GlobalSection(ProjectConfigurationPlatforms) = postSolution
		{B72DD6B0-567D-423C-8709-F4CECFBBC65E}.Debug|Any CPU.ActiveCfg = Debug|Any CPU
		{B72DD6B0-567D-423C-8709-F4CECFBBC65E}.Debug|Any CPU.Build.0 = Debug|Any CPU
		{B72DD6B0-567D-423C-8709-F4CECFBBC65E}.Release|Any CPU.ActiveCfg = Release|Any CPU
		{B72DD6B0-567D-423C-8709-F4CECFBBC65E}.Release|Any CPU.Build.0 = Release|Any CPU
	EndGlobalSection
	GlobalSection(SolutionProperties) = preSolution
		HideSolutionNode = FALSE
	EndGlobalSection
	GlobalSection(ExtensibilityGlobals) = postSolution
		SolutionGuid = {D76DE56A-0AED-48AF-86B1-B358302357C7}
	EndGlobalSection
EndGlobal
