
Microsoft Visual Studio Solution File, Format Version 12.00
# Visual Studio Version 16
VisualStudioVersion = 16.0.30717.126
MinimumVisualStudioVersion = 10.0.40219.1
Project("{FAE04EC0-301F-11D3-BF4B-00C04F79EFBC}") = "28_WPF_BMI", "28_WPF_BMI.csproj", "{DD3A162B-8EC4-4DE5-BC5E-87770CA5DAF3}"
EndProject
Global
	GlobalSection(SolutionConfigurationPlatforms) = preSolution
		Debug|Any CPU = Debug|Any CPU
		Release|Any CPU = Release|Any CPU
	EndGlobalSection
	GlobalSection(ProjectConfigurationPlatforms) = postSolution
		{DD3A162B-8EC4-4DE5-BC5E-87770CA5DAF3}.Debug|Any CPU.ActiveCfg = Debug|Any CPU
		{DD3A162B-8EC4-4DE5-BC5E-87770CA5DAF3}.Debug|Any CPU.Build.0 = Debug|Any CPU
		{DD3A162B-8EC4-4DE5-BC5E-87770CA5DAF3}.Release|Any CPU.ActiveCfg = Release|Any CPU
		{DD3A162B-8EC4-4DE5-BC5E-87770CA5DAF3}.Release|Any CPU.Build.0 = Release|Any CPU
	EndGlobalSection
	GlobalSection(SolutionProperties) = preSolution
		HideSolutionNode = FALSE
	EndGlobalSection
	GlobalSection(ExtensibilityGlobals) = postSolution
		SolutionGuid = {2322384D-85E4-4F38-88B0-CAD227116F4F}
	EndGlobalSection
EndGlobal
