
Microsoft Visual Studio Solution File, Format Version 12.00
# Visual Studio Version 16
VisualStudioVersion = 16.0.30717.126
MinimumVisualStudioVersion = 10.0.40219.1
Project("{FAE04EC0-301F-11D3-BF4B-00C04F79EFBC}") = "20_Track_ProgressBar", "20_Track_ProgressBar.csproj", "{1F2069B4-980D-479E-B5CF-8563755B8A9A}"
EndProject
Global
	GlobalSection(SolutionConfigurationPlatforms) = preSolution
		Debug|Any CPU = Debug|Any CPU
		Release|Any CPU = Release|Any CPU
	EndGlobalSection
	GlobalSection(ProjectConfigurationPlatforms) = postSolution
		{1F2069B4-980D-479E-B5CF-8563755B8A9A}.Debug|Any CPU.ActiveCfg = Debug|Any CPU
		{1F2069B4-980D-479E-B5CF-8563755B8A9A}.Debug|Any CPU.Build.0 = Debug|Any CPU
		{1F2069B4-980D-479E-B5CF-8563755B8A9A}.Release|Any CPU.ActiveCfg = Release|Any CPU
		{1F2069B4-980D-479E-B5CF-8563755B8A9A}.Release|Any CPU.Build.0 = Release|Any CPU
	EndGlobalSection
	GlobalSection(SolutionProperties) = preSolution
		HideSolutionNode = FALSE
	EndGlobalSection
	GlobalSection(ExtensibilityGlobals) = postSolution
		SolutionGuid = {A845FDF1-A30A-4E5B-AB9A-F0D3DA8CC507}
	EndGlobalSection
EndGlobal
