
Microsoft Visual Studio Solution File, Format Version 12.00
# Visual Studio Version 16
VisualStudioVersion = 16.0.30717.126
MinimumVisualStudioVersion = 10.0.40219.1
Project("{FAE04EC0-301F-11D3-BF4B-00C04F79EFBC}") = "24_OpenFileDialog", "24_OpenFileDialog.csproj", "{72FB5BD9-6752-4E11-ADA0-A947C33023D2}"
EndProject
Global
	GlobalSection(SolutionConfigurationPlatforms) = preSolution
		Debug|Any CPU = Debug|Any CPU
		Release|Any CPU = Release|Any CPU
	EndGlobalSection
	GlobalSection(ProjectConfigurationPlatforms) = postSolution
		{72FB5BD9-6752-4E11-ADA0-A947C33023D2}.Debug|Any CPU.ActiveCfg = Debug|Any CPU
		{72FB5BD9-6752-4E11-ADA0-A947C33023D2}.Debug|Any CPU.Build.0 = Debug|Any CPU
		{72FB5BD9-6752-4E11-ADA0-A947C33023D2}.Release|Any CPU.ActiveCfg = Release|Any CPU
		{72FB5BD9-6752-4E11-ADA0-A947C33023D2}.Release|Any CPU.Build.0 = Release|Any CPU
	EndGlobalSection
	GlobalSection(SolutionProperties) = preSolution
		HideSolutionNode = FALSE
	EndGlobalSection
	GlobalSection(ExtensibilityGlobals) = postSolution
		SolutionGuid = {DAFB86E1-FEF5-4F8C-97A9-6EC35ACD65A2}
	EndGlobalSection
EndGlobal
