
Microsoft Visual Studio Solution File, Format Version 12.00
# Visual Studio Version 16
VisualStudioVersion = 16.0.30717.126
MinimumVisualStudioVersion = 10.0.40219.1
Project("{FAE04EC0-301F-11D3-BF4B-00C04F79EFBC}") = "40_WF_ChartControl2", "40_WF_ChartControl2.csproj", "{BA8EB94F-3D8B-4215-9E33-0E681FF8AEBB}"
EndProject
Global
	GlobalSection(SolutionConfigurationPlatforms) = preSolution
		Debug|Any CPU = Debug|Any CPU
		Release|Any CPU = Release|Any CPU
	EndGlobalSection
	GlobalSection(ProjectConfigurationPlatforms) = postSolution
		{BA8EB94F-3D8B-4215-9E33-0E681FF8AEBB}.Debug|Any CPU.ActiveCfg = Debug|Any CPU
		{BA8EB94F-3D8B-4215-9E33-0E681FF8AEBB}.Debug|Any CPU.Build.0 = Debug|Any CPU
		{BA8EB94F-3D8B-4215-9E33-0E681FF8AEBB}.Release|Any CPU.ActiveCfg = Release|Any CPU
		{BA8EB94F-3D8B-4215-9E33-0E681FF8AEBB}.Release|Any CPU.Build.0 = Release|Any CPU
	EndGlobalSection
	GlobalSection(SolutionProperties) = preSolution
		HideSolutionNode = FALSE
	EndGlobalSection
	GlobalSection(ExtensibilityGlobals) = postSolution
		SolutionGuid = {B3E82616-1FF2-424F-B385-5DF13B537A37}
	EndGlobalSection
EndGlobal
