
Microsoft Visual Studio Solution File, Format Version 12.00
# Visual Studio Version 16
VisualStudioVersion = 16.0.30717.126
MinimumVisualStudioVersion = 10.0.40219.1
Project("{FAE04EC0-301F-11D3-BF4B-00C04F79EFBC}") = "15_CheckedListBox", "15_CheckedListBox.csproj", "{20C304C8-73AD-4999-81D7-797C0C1C187E}"
EndProject
Global
	GlobalSection(SolutionConfigurationPlatforms) = preSolution
		Debug|Any CPU = Debug|Any CPU
		Release|Any CPU = Release|Any CPU
	EndGlobalSection
	GlobalSection(ProjectConfigurationPlatforms) = postSolution
		{20C304C8-73AD-4999-81D7-797C0C1C187E}.Debug|Any CPU.ActiveCfg = Debug|Any CPU
		{20C304C8-73AD-4999-81D7-797C0C1C187E}.Debug|Any CPU.Build.0 = Debug|Any CPU
		{20C304C8-73AD-4999-81D7-797C0C1C187E}.Release|Any CPU.ActiveCfg = Release|Any CPU
		{20C304C8-73AD-4999-81D7-797C0C1C187E}.Release|Any CPU.Build.0 = Release|Any CPU
	EndGlobalSection
	GlobalSection(SolutionProperties) = preSolution
		HideSolutionNode = FALSE
	EndGlobalSection
	GlobalSection(ExtensibilityGlobals) = postSolution
		SolutionGuid = {7E4874DF-5E18-468B-9BDD-2DA2BE647C37}
	EndGlobalSection
EndGlobal
