
Microsoft Visual Studio Solution File, Format Version 12.00
# Visual Studio Version 16
VisualStudioVersion = 16.0.30717.126
MinimumVisualStudioVersion = 10.0.40219.1
Project("{FAE04EC0-301F-11D3-BF4B-00C04F79EFBC}") = "30_WPF_Calc", "30_WPF_Calc.csproj", "{68279B18-AF5D-4EC7-8E94-2E9DECFFCEBC}"
EndProject
Global
	GlobalSection(SolutionConfigurationPlatforms) = preSolution
		Debug|Any CPU = Debug|Any CPU
		Release|Any CPU = Release|Any CPU
	EndGlobalSection
	GlobalSection(ProjectConfigurationPlatforms) = postSolution
		{68279B18-AF5D-4EC7-8E94-2E9DECFFCEBC}.Debug|Any CPU.ActiveCfg = Debug|Any CPU
		{68279B18-AF5D-4EC7-8E94-2E9DECFFCEBC}.Debug|Any CPU.Build.0 = Debug|Any CPU
		{68279B18-AF5D-4EC7-8E94-2E9DECFFCEBC}.Release|Any CPU.ActiveCfg = Release|Any CPU
		{68279B18-AF5D-4EC7-8E94-2E9DECFFCEBC}.Release|Any CPU.Build.0 = Release|Any CPU
	EndGlobalSection
	GlobalSection(SolutionProperties) = preSolution
		HideSolutionNode = FALSE
	EndGlobalSection
	GlobalSection(ExtensibilityGlobals) = postSolution
		SolutionGuid = {CC82BB57-B154-48D1-B762-F1BF826C011F}
	EndGlobalSection
EndGlobal
