
Microsoft Visual Studio Solution File, Format Version 12.00
# Visual Studio Version 16
VisualStudioVersion = 16.0.31112.23
MinimumVisualStudioVersion = 10.0.40219.1
Project("{FAE04EC0-301F-11D3-BF4B-00C04F79EFBC}") = "Cs_Basic3", "Cs_Basic3.csproj", "{0B1AFE41-75BD-4C30-BB71-E1584D84B3BE}"
EndProject
Global
	GlobalSection(SolutionConfigurationPlatforms) = preSolution
		Debug|Any CPU = Debug|Any CPU
		Release|Any CPU = Release|Any CPU
	EndGlobalSection
	GlobalSection(ProjectConfigurationPlatforms) = postSolution
		{0B1AFE41-75BD-4C30-BB71-E1584D84B3BE}.Debug|Any CPU.ActiveCfg = Debug|Any CPU
		{0B1AFE41-75BD-4C30-BB71-E1584D84B3BE}.Debug|Any CPU.Build.0 = Debug|Any CPU
		{0B1AFE41-75BD-4C30-BB71-E1584D84B3BE}.Release|Any CPU.ActiveCfg = Release|Any CPU
		{0B1AFE41-75BD-4C30-BB71-E1584D84B3BE}.Release|Any CPU.Build.0 = Release|Any CPU
	EndGlobalSection
	GlobalSection(SolutionProperties) = preSolution
		HideSolutionNode = FALSE
	EndGlobalSection
	GlobalSection(ExtensibilityGlobals) = postSolution
		SolutionGuid = {978033DE-955F-43D1-9CC6-BB7FF07A6CA1}
	EndGlobalSection
EndGlobal
