
Microsoft Visual Studio Solution File, Format Version 12.00
# Visual Studio Version 16
VisualStudioVersion = 16.0.30717.126
MinimumVisualStudioVersion = 10.0.40219.1
Project("{FAE04EC0-301F-11D3-BF4B-00C04F79EFBC}") = "36_WPF_RotationClock", "36_WPF_RotationClock.csproj", "{49CAC699-DD7D-4E19-B78C-001E908CB979}"
EndProject
Global
	GlobalSection(SolutionConfigurationPlatforms) = preSolution
		Debug|Any CPU = Debug|Any CPU
		Release|Any CPU = Release|Any CPU
	EndGlobalSection
	GlobalSection(ProjectConfigurationPlatforms) = postSolution
		{49CAC699-DD7D-4E19-B78C-001E908CB979}.Debug|Any CPU.ActiveCfg = Debug|Any CPU
		{49CAC699-DD7D-4E19-B78C-001E908CB979}.Debug|Any CPU.Build.0 = Debug|Any CPU
		{49CAC699-DD7D-4E19-B78C-001E908CB979}.Release|Any CPU.ActiveCfg = Release|Any CPU
		{49CAC699-DD7D-4E19-B78C-001E908CB979}.Release|Any CPU.Build.0 = Release|Any CPU
	EndGlobalSection
	GlobalSection(SolutionProperties) = preSolution
		HideSolutionNode = FALSE
	EndGlobalSection
	GlobalSection(ExtensibilityGlobals) = postSolution
		SolutionGuid = {9DDDE5A1-6440-4679-946B-D576856B406E}
	EndGlobalSection
EndGlobal
