
Microsoft Visual Studio Solution File, Format Version 12.00
# Visual Studio Version 16
VisualStudioVersion = 16.0.30717.126
MinimumVisualStudioVersion = 10.0.40219.1
Project("{FAE04EC0-301F-11D3-BF4B-00C04F79EFBC}") = "47_WF_PhoneBook", "47_WF_PhoneBook.csproj", "{4D6AAE06-C5BC-4348-AB80-F6CC7BBC2D5D}"
EndProject
Global
	GlobalSection(SolutionConfigurationPlatforms) = preSolution
		Debug|Any CPU = Debug|Any CPU
		Release|Any CPU = Release|Any CPU
	EndGlobalSection
	GlobalSection(ProjectConfigurationPlatforms) = postSolution
		{4D6AAE06-C5BC-4348-AB80-F6CC7BBC2D5D}.Debug|Any CPU.ActiveCfg = Debug|Any CPU
		{4D6AAE06-C5BC-4348-AB80-F6CC7BBC2D5D}.Debug|Any CPU.Build.0 = Debug|Any CPU
		{4D6AAE06-C5BC-4348-AB80-F6CC7BBC2D5D}.Release|Any CPU.ActiveCfg = Release|Any CPU
		{4D6AAE06-C5BC-4348-AB80-F6CC7BBC2D5D}.Release|Any CPU.Build.0 = Release|Any CPU
	EndGlobalSection
	GlobalSection(SolutionProperties) = preSolution
		HideSolutionNode = FALSE
	EndGlobalSection
	GlobalSection(ExtensibilityGlobals) = postSolution
		SolutionGuid = {C08EB063-16D0-4102-B0FD-FCC70777A9FE}
	EndGlobalSection
EndGlobal
