
Microsoft Visual Studio Solution File, Format Version 12.00
# Visual Studio Version 16
VisualStudioVersion = 16.0.30717.126
MinimumVisualStudioVersion = 10.0.40219.1
Project("{FAE04EC0-301F-11D3-BF4B-00C04F79EFBC}") = "Cs_Beginner", "Cs_Beginner.csproj", "{EE3A5E65-8C16-4A6A-ACB5-76EC40804B22}"
EndProject
Global
	GlobalSection(SolutionConfigurationPlatforms) = preSolution
		Debug|Any CPU = Debug|Any CPU
		Release|Any CPU = Release|Any CPU
	EndGlobalSection
	GlobalSection(ProjectConfigurationPlatforms) = postSolution
		{EE3A5E65-8C16-4A6A-ACB5-76EC40804B22}.Debug|Any CPU.ActiveCfg = Debug|Any CPU
		{EE3A5E65-8C16-4A6A-ACB5-76EC40804B22}.Debug|Any CPU.Build.0 = Debug|Any CPU
		{EE3A5E65-8C16-4A6A-ACB5-76EC40804B22}.Release|Any CPU.ActiveCfg = Release|Any CPU
		{EE3A5E65-8C16-4A6A-ACB5-76EC40804B22}.Release|Any CPU.Build.0 = Release|Any CPU
	EndGlobalSection
	GlobalSection(SolutionProperties) = preSolution
		HideSolutionNode = FALSE
	EndGlobalSection
	GlobalSection(ExtensibilityGlobals) = postSolution
		SolutionGuid = {8FCD2BBF-2C67-4DE6-81F7-F0B6F3D9C85C}
	EndGlobalSection
EndGlobal
