
Microsoft Visual Studio Solution File, Format Version 12.00
# Visual Studio Version 16
VisualStudioVersion = 16.0.30717.126
MinimumVisualStudioVersion = 10.0.40219.1
Project("{FAE04EC0-301F-11D3-BF4B-00C04F79EFBC}") = "35_WPF_Analog_Clock", "35_WPF_Analog_Clock.csproj", "{EA24A978-77A0-4234-A343-6D3C39F70873}"
EndProject
Global
	GlobalSection(SolutionConfigurationPlatforms) = preSolution
		Debug|Any CPU = Debug|Any CPU
		Release|Any CPU = Release|Any CPU
	EndGlobalSection
	GlobalSection(ProjectConfigurationPlatforms) = postSolution
		{EA24A978-77A0-4234-A343-6D3C39F70873}.Debug|Any CPU.ActiveCfg = Debug|Any CPU
		{EA24A978-77A0-4234-A343-6D3C39F70873}.Debug|Any CPU.Build.0 = Debug|Any CPU
		{EA24A978-77A0-4234-A343-6D3C39F70873}.Release|Any CPU.ActiveCfg = Release|Any CPU
		{EA24A978-77A0-4234-A343-6D3C39F70873}.Release|Any CPU.Build.0 = Release|Any CPU
	EndGlobalSection
	GlobalSection(SolutionProperties) = preSolution
		HideSolutionNode = FALSE
	EndGlobalSection
	GlobalSection(ExtensibilityGlobals) = postSolution
		SolutionGuid = {BE30723A-E024-4E72-989B-053D018769D3}
	EndGlobalSection
EndGlobal
